
Microsoft Visual Studio Solution File, Format Version 12.00
# Visual Studio Version 16
VisualStudioVersion = 16.0.30413.136
MinimumVisualStudioVersion = 10.0.40219.1
Project("{FAE04EC0-301F-11D3-BF4B-00C04F79EFBC}") = "Session03Excercise04", "Session03Excercise04\Session03Excercise04.csproj", "{495F82AA-F0B6-47DD-99C9-425E3B0F7B7A}"
EndProject
Global
	GlobalSection(SolutionConfigurationPlatforms) = preSolution
		Debug|Any CPU = Debug|Any CPU
		Release|Any CPU = Release|Any CPU
	EndGlobalSection
	GlobalSection(ProjectConfigurationPlatforms) = postSolution
		{495F82AA-F0B6-47DD-99C9-425E3B0F7B7A}.Debug|Any CPU.ActiveCfg = Debug|Any CPU
		{495F82AA-F0B6-47DD-99C9-425E3B0F7B7A}.Debug|Any CPU.Build.0 = Debug|Any CPU
		{495F82AA-F0B6-47DD-99C9-425E3B0F7B7A}.Release|Any CPU.ActiveCfg = Release|Any CPU
		{495F82AA-F0B6-47DD-99C9-425E3B0F7B7A}.Release|Any CPU.Build.0 = Release|Any CPU
	EndGlobalSection
	GlobalSection(SolutionProperties) = preSolution
		HideSolutionNode = FALSE
	EndGlobalSection
	GlobalSection(ExtensibilityGlobals) = postSolution
		SolutionGuid = {91247539-954C-40F8-88E1-192E1409D943}
	EndGlobalSection
EndGlobal
