
Microsoft Visual Studio Solution File, Format Version 12.00
# Visual Studio Version 16
VisualStudioVersion = 16.0.30413.136
MinimumVisualStudioVersion = 10.0.40219.1
Project("{FAE04EC0-301F-11D3-BF4B-00C04F79EFBC}") = "Session02Excercise01", "Session02Excercise01\Session02Excercise01.csproj", "{2B993646-498F-4674-AEEE-66CC3748830E}"
EndProject
Global
	GlobalSection(SolutionConfigurationPlatforms) = preSolution
		Debug|Any CPU = Debug|Any CPU
		Release|Any CPU = Release|Any CPU
	EndGlobalSection
	GlobalSection(ProjectConfigurationPlatforms) = postSolution
		{2B993646-498F-4674-AEEE-66CC3748830E}.Debug|Any CPU.ActiveCfg = Debug|Any CPU
		{2B993646-498F-4674-AEEE-66CC3748830E}.Debug|Any CPU.Build.0 = Debug|Any CPU
		{2B993646-498F-4674-AEEE-66CC3748830E}.Release|Any CPU.ActiveCfg = Release|Any CPU
		{2B993646-498F-4674-AEEE-66CC3748830E}.Release|Any CPU.Build.0 = Release|Any CPU
	EndGlobalSection
	GlobalSection(SolutionProperties) = preSolution
		HideSolutionNode = FALSE
	EndGlobalSection
	GlobalSection(ExtensibilityGlobals) = postSolution
		SolutionGuid = {72EF67C7-BCEA-409E-B2FC-0E103B3CE962}
	EndGlobalSection
EndGlobal
